// !$*UTF8*$!
{
	archiveVersion = 1;
	classes = {
	};
	objectVersion = 56;
	objects = {

/* Begin PBXBuildFile section */
		B143560429B9397800B6A99E /* nimbussandbla.ttf in Resources */ = {isa = PBXBuildFile; fileRef = B143560129B9397800B6A99E /* nimbussandbla.ttf */; };
		B143560529B9397800B6A99E /* nimbussandext-bold.ttf in Resources */ = {isa = PBXBuildFile; fileRef = B143560229B9397800B6A99E /* nimbussandext-bold.ttf */; };
		B143560629B9397800B6A99E /* nimbussandext.ttf in Resources */ = {isa = PBXBuildFile; fileRef = B143560329B9397800B6A99E /* nimbussandext.ttf */; };
		B143560E29B943A900B6A99E /* gibson-bold.ttf in Resources */ = {isa = PBXBuildFile; fileRef = B143560D29B943A900B6A99E /* gibson-bold.ttf */; };
		B143561629B9449400B6A99E /* gibson-regular.ttf in Resources */ = {isa = PBXBuildFile; fileRef = B143561529B9449400B6A99E /* gibson-regular.ttf */; };
		B143561A29B94E2400B6A99E /* Fontspring-DEMO-gibson-medium.otf in Resources */ = {isa = PBXBuildFile; fileRef = B143561929B94E2400B6A99E /* Fontspring-DEMO-gibson-medium.otf */; };
		B143561C29B9514700B6A99E /* Fontspring-DEMO-gibson-book.otf in Resources */ = {isa = PBXBuildFile; fileRef = B143561B29B9514700B6A99E /* Fontspring-DEMO-gibson-book.otf */; };
		B143561E29B9590900B6A99E /* FontsFree-Net-SFProDisplay-Bold.ttf in Resources */ = {isa = PBXBuildFile; fileRef = B143561D29B9590900B6A99E /* FontsFree-Net-SFProDisplay-Bold.ttf */; };
		B153CA2329B7900700BCCB66 /* ApolloDesignApp.swift in Sources */ = {isa = PBXBuildFile; fileRef = B153CA2229B7900700BCCB66 /* ApolloDesignApp.swift */; };
		B153CA2529B7900700BCCB66 /* ContentView.swift in Sources */ = {isa = PBXBuildFile; fileRef = B153CA2429B7900700BCCB66 /* ContentView.swift */; };
		B153CA2729B7900700BCCB66 /* Assets.xcassets in Resources */ = {isa = PBXBuildFile; fileRef = B153CA2629B7900700BCCB66 /* Assets.xcassets */; };
		B153CA2A29B7900700BCCB66 /* Preview Assets.xcassets in Resources */ = {isa = PBXBuildFile; fileRef = B153CA2929B7900700BCCB66 /* Preview Assets.xcassets */; };
		B153CA3129B794A200BCCB66 /* DesignModel.swift in Sources */ = {isa = PBXBuildFile; fileRef = B153CA3029B794A200BCCB66 /* DesignModel.swift */; };
		B153CA3529B7A45600BCCB66 /* Store.swift in Sources */ = {isa = PBXBuildFile; fileRef = B153CA3429B7A45600BCCB66 /* Store.swift */; };
		B153CA3729B7E1E400BCCB66 /* DesignViewModel.swift in Sources */ = {isa = PBXBuildFile; fileRef = B153CA3629B7E1E400BCCB66 /* DesignViewModel.swift */; };
		B153CA3929B7E7AB00BCCB66 /* ColorExtention.swift in Sources */ = {isa = PBXBuildFile; fileRef = B153CA3829B7E7AB00BCCB66 /* ColorExtention.swift */; };
		B153CA3B29B7EE0A00BCCB66 /* CareAndProtect.swift in Sources */ = {isa = PBXBuildFile; fileRef = B153CA3A29B7EE0A00BCCB66 /* CareAndProtect.swift */; };
		B153CA3D29B7EE3100BCCB66 /* Accessories.swift in Sources */ = {isa = PBXBuildFile; fileRef = B153CA3C29B7EE3100BCCB66 /* Accessories.swift */; };
		B153CA3F29B7EE6100BCCB66 /* Upgrades.swift in Sources */ = {isa = PBXBuildFile; fileRef = B153CA3E29B7EE6100BCCB66 /* Upgrades.swift */; };
/* End PBXBuildFile section */

/* Begin PBXFileReference section */
		B143560129B9397800B6A99E /* nimbussandbla.ttf */ = {isa = PBXFileReference; lastKnownFileType = file; path = nimbussandbla.ttf; sourceTree = "<group>"; };
		B143560229B9397800B6A99E /* nimbussandext-bold.ttf */ = {isa = PBXFileReference; lastKnownFileType = file; path = "nimbussandext-bold.ttf"; sourceTree = "<group>"; };
		B143560329B9397800B6A99E /* nimbussandext.ttf */ = {isa = PBXFileReference; lastKnownFileType = file; path = nimbussandext.ttf; sourceTree = "<group>"; };
		B143560D29B943A900B6A99E /* gibson-bold.ttf */ = {isa = PBXFileReference; lastKnownFileType = file; path = "gibson-bold.ttf"; sourceTree = "<group>"; };
		B143561529B9449400B6A99E /* gibson-regular.ttf */ = {isa = PBXFileReference; lastKnownFileType = file; path = "gibson-regular.ttf"; sourceTree = "<group>"; };
		B143561929B94E2400B6A99E /* Fontspring-DEMO-gibson-medium.otf */ = {isa = PBXFileReference; lastKnownFileType = file; path = "Fontspring-DEMO-gibson-medium.otf"; sourceTree = "<group>"; };
		B143561B29B9514700B6A99E /* Fontspring-DEMO-gibson-book.otf */ = {isa = PBXFileReference; lastKnownFileType = file; path = "Fontspring-DEMO-gibson-book.otf"; sourceTree = "<group>"; };
		B143561D29B9590900B6A99E /* FontsFree-Net-SFProDisplay-Bold.ttf */ = {isa = PBXFileReference; lastKnownFileType = file; path = "FontsFree-Net-SFProDisplay-Bold.ttf"; sourceTree = "<group>"; };
		B153CA1F29B7900700BCCB66 /* ApolloDesign.app */ = {isa = PBXFileReference; explicitFileType = wrapper.application; includeInIndex = 0; path = ApolloDesign.app; sourceTree = BUILT_PRODUCTS_DIR; };
		B153CA2229B7900700BCCB66 /* ApolloDesignApp.swift */ = {isa = PBXFileReference; lastKnownFileType = sourcecode.swift; path = ApolloDesignApp.swift; sourceTree = "<group>"; };
		B153CA2429B7900700BCCB66 /* ContentView.swift */ = {isa = PBXFileReference; lastKnownFileType = sourcecode.swift; path = ContentView.swift; sourceTree = "<group>"; };
		B153CA2629B7900700BCCB66 /* Assets.xcassets */ = {isa = PBXFileReference; lastKnownFileType = folder.assetcatalog; path = Assets.xcassets; sourceTree = "<group>"; };
		B153CA2929B7900700BCCB66 /* Preview Assets.xcassets */ = {isa = PBXFileReference; lastKnownFileType = folder.assetcatalog; path = "Preview Assets.xcassets"; sourceTree = "<group>"; };
		B153CA3029B794A200BCCB66 /* DesignModel.swift */ = {isa = PBXFileReference; lastKnownFileType = sourcecode.swift; path = DesignModel.swift; sourceTree = "<group>"; };
		B153CA3429B7A45600BCCB66 /* Store.swift */ = {isa = PBXFileReference; lastKnownFileType = sourcecode.swift; path = Store.swift; sourceTree = "<group>"; };
		B153CA3629B7E1E400BCCB66 /* DesignViewModel.swift */ = {isa = PBXFileReference; lastKnownFileType = sourcecode.swift; path = DesignViewModel.swift; sourceTree = "<group>"; };
		B153CA3829B7E7AB00BCCB66 /* ColorExtention.swift */ = {isa = PBXFileReference; lastKnownFileType = sourcecode.swift; path = ColorExtention.swift; sourceTree = "<group>"; };
		B153CA3A29B7EE0A00BCCB66 /* CareAndProtect.swift */ = {isa = PBXFileReference; lastKnownFileType = sourcecode.swift; path = CareAndProtect.swift; sourceTree = "<group>"; };
		B153CA3C29B7EE3100BCCB66 /* Accessories.swift */ = {isa = PBXFileReference; lastKnownFileType = sourcecode.swift; path = Accessories.swift; sourceTree = "<group>"; };
		B153CA3E29B7EE6100BCCB66 /* Upgrades.swift */ = {isa = PBXFileReference; lastKnownFileType = sourcecode.swift; path = Upgrades.swift; sourceTree = "<group>"; };
		B153CA4329B7F56900BCCB66 /* Info.plist */ = {isa = PBXFileReference; lastKnownFileType = text.plist; path = Info.plist; sourceTree = "<group>"; };
		B1867E7829B9992B004AB58D /* Store_Design_Screen2.png */ = {isa = PBXFileReference; lastKnownFileType = image.png; path = Store_Design_Screen2.png; sourceTree = "<group>"; };
		B1867E7929B9992B004AB58D /* Store_Design_Screen1.png */ = {isa = PBXFileReference; lastKnownFileType = image.png; path = Store_Design_Screen1.png; sourceTree = "<group>"; };
/* End PBXFileReference section */

/* Begin PBXFrameworksBuildPhase section */
		B153CA1C29B7900700BCCB66 /* Frameworks */ = {
			isa = PBXFrameworksBuildPhase;
			buildActionMask = 2147483647;
			files = (
			);
			runOnlyForDeploymentPostprocessing = 0;
		};
/* End PBXFrameworksBuildPhase section */

/* Begin PBXGroup section */
		B153CA1629B7900700BCCB66 = {
			isa = PBXGroup;
			children = (
				B153CA2129B7900700BCCB66 /* ApolloDesign */,
				B153CA2029B7900700BCCB66 /* Products */,
			);
			sourceTree = "<group>";
		};
		B153CA2029B7900700BCCB66 /* Products */ = {
			isa = PBXGroup;
			children = (
				B153CA1F29B7900700BCCB66 /* ApolloDesign.app */,
			);
			name = Products;
			sourceTree = "<group>";
		};
		B153CA2129B7900700BCCB66 /* ApolloDesign */ = {
			isa = PBXGroup;
			children = (
				B1867E7729B9992B004AB58D /* Screens */,
				B153CA4329B7F56900BCCB66 /* Info.plist */,
				B153CA2229B7900700BCCB66 /* ApolloDesignApp.swift */,
				B1867E7329B99638004AB58D /* Views */,
				B1867E7529B9967B004AB58D /* ViewModel */,
				B1867E7429B99666004AB58D /* Model */,
				B1867E7629B996B7004AB58D /* Extention */,
				B153CA4029B7F4A900BCCB66 /* Font */,
				B153CA2629B7900700BCCB66 /* Assets.xcassets */,
				B153CA2829B7900700BCCB66 /* Preview Content */,
			);
			path = ApolloDesign;
			sourceTree = "<group>";
		};
		B153CA2829B7900700BCCB66 /* Preview Content */ = {
			isa = PBXGroup;
			children = (
				B153CA2929B7900700BCCB66 /* Preview Assets.xcassets */,
			);
			path = "Preview Content";
			sourceTree = "<group>";
		};
		B153CA4029B7F4A900BCCB66 /* Font */ = {
			isa = PBXGroup;
			children = (
				B143561D29B9590900B6A99E /* FontsFree-Net-SFProDisplay-Bold.ttf */,
				B143561B29B9514700B6A99E /* Fontspring-DEMO-gibson-book.otf */,
				B143561929B94E2400B6A99E /* Fontspring-DEMO-gibson-medium.otf */,
				B143561529B9449400B6A99E /* gibson-regular.ttf */,
				B143560D29B943A900B6A99E /* gibson-bold.ttf */,
				B143560129B9397800B6A99E /* nimbussandbla.ttf */,
				B143560229B9397800B6A99E /* nimbussandext-bold.ttf */,
				B143560329B9397800B6A99E /* nimbussandext.ttf */,
			);
			path = Font;
			sourceTree = "<group>";
		};
		B1867E7329B99638004AB58D /* Views */ = {
			isa = PBXGroup;
			children = (
				B153CA2429B7900700BCCB66 /* ContentView.swift */,
				B153CA3429B7A45600BCCB66 /* Store.swift */,
				B153CA3A29B7EE0A00BCCB66 /* CareAndProtect.swift */,
				B153CA3C29B7EE3100BCCB66 /* Accessories.swift */,
				B153CA3E29B7EE6100BCCB66 /* Upgrades.swift */,
			);
			path = Views;
			sourceTree = "<group>";
		};
		B1867E7429B99666004AB58D /* Model */ = {
			isa = PBXGroup;
			children = (
				B153CA3029B794A200BCCB66 /* DesignModel.swift */,
			);
			path = Model;
			sourceTree = "<group>";
		};
		B1867E7529B9967B004AB58D /* ViewModel */ = {
			isa = PBXGroup;
			children = (
				B153CA3629B7E1E400BCCB66 /* DesignViewModel.swift */,
			);
			path = ViewModel;
			sourceTree = "<group>";
		};
		B1867E7629B996B7004AB58D /* Extention */ = {
			isa = PBXGroup;
			children = (
				B153CA3829B7E7AB00BCCB66 /* ColorExtention.swift */,
			);
			path = Extention;
			sourceTree = "<group>";
		};
		B1867E7729B9992B004AB58D /* Screens */ = {
			isa = PBXGroup;
			children = (
				B1867E7929B9992B004AB58D /* Store_Design_Screen1.png */,
				B1867E7829B9992B004AB58D /* Store_Design_Screen2.png */,
			);
			path = Screens;
			sourceTree = "<group>";
		};
/* End PBXGroup section */

/* Begin PBXNativeTarget section */
		B153CA1E29B7900700BCCB66 /* ApolloDesign */ = {
			isa = PBXNativeTarget;
			buildConfigurationList = B153CA2D29B7900700BCCB66 /* Build configuration list for PBXNativeTarget "ApolloDesign" */;
			buildPhases = (
				B153CA1B29B7900700BCCB66 /* Sources */,
				B153CA1C29B7900700BCCB66 /* Frameworks */,
				B153CA1D29B7900700BCCB66 /* Resources */,
			);
			buildRules = (
			);
			dependencies = (
			);
			name = ApolloDesign;
			productName = ApolloDesign;
			productReference = B153CA1F29B7900700BCCB66 /* ApolloDesign.app */;
			productType = "com.apple.product-type.application";
		};
/* End PBXNativeTarget section */

/* Begin PBXProject section */
		B153CA1729B7900700BCCB66 /* Project object */ = {
			isa = PBXProject;
			attributes = {
				BuildIndependentTargetsInParallel = 1;
				LastSwiftUpdateCheck = 1400;
				LastUpgradeCheck = 1400;
				TargetAttributes = {
					B153CA1E29B7900700BCCB66 = {
						CreatedOnToolsVersion = 14.0.1;
					};
				};
			};
			buildConfigurationList = B153CA1A29B7900700BCCB66 /* Build configuration list for PBXProject "ApolloDesign" */;
			compatibilityVersion = "Xcode 14.0";
			developmentRegion = en;
			hasScannedForEncodings = 0;
			knownRegions = (
				en,
				Base,
			);
			mainGroup = B153CA1629B7900700BCCB66;
			productRefGroup = B153CA2029B7900700BCCB66 /* Products */;
			projectDirPath = "";
			projectRoot = "";
			targets = (
				B153CA1E29B7900700BCCB66 /* ApolloDesign */,
			);
		};
/* End PBXProject section */

/* Begin PBXResourcesBuildPhase section */
		B153CA1D29B7900700BCCB66 /* Resources */ = {
			isa = PBXResourcesBuildPhase;
			buildActionMask = 2147483647;
			files = (
				B153CA2A29B7900700BCCB66 /* Preview Assets.xcassets in Resources */,
				B143560529B9397800B6A99E /* nimbussandext-bold.ttf in Resources */,
				B143560429B9397800B6A99E /* nimbussandbla.ttf in Resources */,
				B143561A29B94E2400B6A99E /* Fontspring-DEMO-gibson-medium.otf in Resources */,
				B143560E29B943A900B6A99E /* gibson-bold.ttf in Resources */,
				B153CA2729B7900700BCCB66 /* Assets.xcassets in Resources */,
				B143560629B9397800B6A99E /* nimbussandext.ttf in Resources */,
				B143561C29B9514700B6A99E /* Fontspring-DEMO-gibson-book.otf in Resources */,
				B143561E29B9590900B6A99E /* FontsFree-Net-SFProDisplay-Bold.ttf in Resources */,
				B143561629B9449400B6A99E /* gibson-regular.ttf in Resources */,
			);
			runOnlyForDeploymentPostprocessing = 0;
		};
/* End PBXResourcesBuildPhase section */

/* Begin PBXSourcesBuildPhase section */
		B153CA1B29B7900700BCCB66 /* Sources */ = {
			isa = PBXSourcesBuildPhase;
			buildActionMask = 2147483647;
			files = (
				B153CA3D29B7EE3100BCCB66 /* Accessories.swift in Sources */,
				B153CA3929B7E7AB00BCCB66 /* ColorExtention.swift in Sources */,
				B153CA3F29B7EE6100BCCB66 /* Upgrades.swift in Sources */,
				B153CA2529B7900700BCCB66 /* ContentView.swift in Sources */,
				B153CA3729B7E1E400BCCB66 /* DesignViewModel.swift in Sources */,
				B153CA2329B7900700BCCB66 /* ApolloDesignApp.swift in Sources */,
				B153CA3129B794A200BCCB66 /* DesignModel.swift in Sources */,
				B153CA3B29B7EE0A00BCCB66 /* CareAndProtect.swift in Sources */,
				B153CA3529B7A45600BCCB66 /* Store.swift in Sources */,
			);
			runOnlyForDeploymentPostprocessing = 0;
		};
/* End PBXSourcesBuildPhase section */

/* Begin XCBuildConfiguration section */
		B153CA2B29B7900700BCCB66 /* Debug */ = {
			isa = XCBuildConfiguration;
			buildSettings = {
				ALWAYS_SEARCH_USER_PATHS = NO;
				CLANG_ANALYZER_NONNULL = YES;
				CLANG_ANALYZER_NUMBER_OBJECT_CONVERSION = YES_AGGRESSIVE;
				CLANG_CXX_LANGUAGE_STANDARD = "gnu++20";
				CLANG_ENABLE_MODULES = YES;
				CLANG_ENABLE_OBJC_ARC = YES;
				CLANG_ENABLE_OBJC_WEAK = YES;
				CLANG_WARN_BLOCK_CAPTURE_AUTORELEASING = YES;
				CLANG_WARN_BOOL_CONVERSION = YES;
				CLANG_WARN_COMMA = YES;
				CLANG_WARN_CONSTANT_CONVERSION = YES;
				CLANG_WARN_DEPRECATED_OBJC_IMPLEMENTATIONS = YES;
				CLANG_WARN_DIRECT_OBJC_ISA_USAGE = YES_ERROR;
				CLANG_WARN_DOCUMENTATION_COMMENTS = YES;
				CLANG_WARN_EMPTY_BODY = YES;
				CLANG_WARN_ENUM_CONVERSION = YES;
				CLANG_WARN_INFINITE_RECURSION = YES;
				CLANG_WARN_INT_CONVERSION = YES;
				CLANG_WARN_NON_LITERAL_NULL_CONVERSION = YES;
				CLANG_WARN_OBJC_IMPLICIT_RETAIN_SELF = YES;
				CLANG_WARN_OBJC_LITERAL_CONVERSION = YES;
				CLANG_WARN_OBJC_ROOT_CLASS = YES_ERROR;
				CLANG_WARN_QUOTED_INCLUDE_IN_FRAMEWORK_HEADER = YES;
				CLANG_WARN_RANGE_LOOP_ANALYSIS = YES;
				CLANG_WARN_STRICT_PROTOTYPES = YES;
				CLANG_WARN_SUSPICIOUS_MOVE = YES;
				CLANG_WARN_UNGUARDED_AVAILABILITY = YES_AGGRESSIVE;
				CLANG_WARN_UNREACHABLE_CODE = YES;
				CLANG_WARN__DUPLICATE_METHOD_MATCH = YES;
				COPY_PHASE_STRIP = NO;
				DEBUG_INFORMATION_FORMAT = dwarf;
				ENABLE_STRICT_OBJC_MSGSEND = YES;
				ENABLE_TESTABILITY = YES;
				GCC_C_LANGUAGE_STANDARD = gnu11;
				GCC_DYNAMIC_NO_PIC = NO;
				GCC_NO_COMMON_BLOCKS = YES;
				GCC_OPTIMIZATION_LEVEL = 0;
				GCC_PREPROCESSOR_DEFINITIONS = (
					"DEBUG=1",
					"$(inherited)",
				);
				GCC_WARN_64_TO_32_BIT_CONVERSION = YES;
				GCC_WARN_ABOUT_RETURN_TYPE = YES_ERROR;
				GCC_WARN_UNDECLARED_SELECTOR = YES;
				GCC_WARN_UNINITIALIZED_AUTOS = YES_AGGRESSIVE;
				GCC_WARN_UNUSED_FUNCTION = YES;
				GCC_WARN_UNUSED_VARIABLE = YES;
				IPHONEOS_DEPLOYMENT_TARGET = 16.0;
				MTL_ENABLE_DEBUG_INFO = INCLUDE_SOURCE;
				MTL_FAST_MATH = YES;
				ONLY_ACTIVE_ARCH = YES;
				SDKROOT = iphoneos;
				SWIFT_ACTIVE_COMPILATION_CONDITIONS = DEBUG;
				SWIFT_OPTIMIZATION_LEVEL = "-Onone";
			};
			name = Debug;
		};
		B153CA2C29B7900700BCCB66 /* Release */ = {
			isa = XCBuildConfiguration;
			buildSettings = {
				ALWAYS_SEARCH_USER_PATHS = NO;
				CLANG_ANALYZER_NONNULL = YES;
				CLANG_ANALYZER_NUMBER_OBJECT_CONVERSION = YES_AGGRESSIVE;
				CLANG_CXX_LANGUAGE_STANDARD = "gnu++20";
				CLANG_ENABLE_MODULES = YES;
				CLANG_ENABLE_OBJC_ARC = YES;
				CLANG_ENABLE_OBJC_WEAK = YES;
				CLANG_WARN_BLOCK_CAPTURE_AUTORELEASING = YES;
				CLANG_WARN_BOOL_CONVERSION = YES;
				CLANG_WARN_COMMA = YES;
				CLANG_WARN_CONSTANT_CONVERSION = YES;
				CLANG_WARN_DEPRECATED_OBJC_IMPLEMENTATIONS = YES;
				CLANG_WARN_DIRECT_OBJC_ISA_USAGE = YES_ERROR;
				CLANG_WARN_DOCUMENTATION_COMMENTS = YES;
				CLANG_WARN_EMPTY_BODY = YES;
				CLANG_WARN_ENUM_CONVERSION = YES;
				CLANG_WARN_INFINITE_RECURSION = YES;
				CLANG_WARN_INT_CONVERSION = YES;
				CLANG_WARN_NON_LITERAL_NULL_CONVERSION = YES;
				CLANG_WARN_OBJC_IMPLICIT_RETAIN_SELF = YES;
				CLANG_WARN_OBJC_LITERAL_CONVERSION = YES;
				CLANG_WARN_OBJC_ROOT_CLASS = YES_ERROR;
				CLANG_WARN_QUOTED_INCLUDE_IN_FRAMEWORK_HEADER = YES;
				CLANG_WARN_RANGE_LOOP_ANALYSIS = YES;
				CLANG_WARN_STRICT_PROTOTYPES = YES;
				CLANG_WARN_SUSPICIOUS_MOVE = YES;
				CLANG_WARN_UNGUARDED_AVAILABILITY = YES_AGGRESSIVE;
				CLANG_WARN_UNREACHABLE_CODE = YES;
				CLANG_WARN__DUPLICATE_METHOD_MATCH = YES;
				COPY_PHASE_STRIP = NO;
				DEBUG_INFORMATION_FORMAT = "dwarf-with-dsym";
				ENABLE_NS_ASSERTIONS = NO;
				ENABLE_STRICT_OBJC_MSGSEND = YES;
				GCC_C_LANGUAGE_STANDARD = gnu11;
				GCC_NO_COMMON_BLOCKS = YES;
				GCC_WARN_64_TO_32_BIT_CONVERSION = YES;
				GCC_WARN_ABOUT_RETURN_TYPE = YES_ERROR;
				GCC_WARN_UNDECLARED_SELECTOR = YES;
				GCC_WARN_UNINITIALIZED_AUTOS = YES_AGGRESSIVE;
				GCC_WARN_UNUSED_FUNCTION = YES;
				GCC_WARN_UNUSED_VARIABLE = YES;
				IPHONEOS_DEPLOYMENT_TARGET = 16.0;
				MTL_ENABLE_DEBUG_INFO = NO;
				MTL_FAST_MATH = YES;
				SDKROOT = iphoneos;
				SWIFT_COMPILATION_MODE = wholemodule;
				SWIFT_OPTIMIZATION_LEVEL = "-O";
				VALIDATE_PRODUCT = YES;
			};
			name = Release;
		};
		B153CA2E29B7900700BCCB66 /* Debug */ = {
			isa = XCBuildConfiguration;
			buildSettings = {
				ASSETCATALOG_COMPILER_APPICON_NAME = AppIcon;
				ASSETCATALOG_COMPILER_GLOBAL_ACCENT_COLOR_NAME = AccentColor;
				CODE_SIGN_STYLE = Automatic;
				CURRENT_PROJECT_VERSION = 1;
				DEVELOPMENT_ASSET_PATHS = "\"ApolloDesign/Preview Content\"";
				DEVELOPMENT_TEAM = XQ4F78VC7G;
				ENABLE_PREVIEWS = YES;
				GENERATE_INFOPLIST_FILE = YES;
				INFOPLIST_FILE = ApolloDesign/Info.plist;
				INFOPLIST_KEY_UIApplicationSceneManifest_Generation = YES;
				INFOPLIST_KEY_UIApplicationSupportsIndirectInputEvents = YES;
				INFOPLIST_KEY_UILaunchScreen_Generation = YES;
				INFOPLIST_KEY_UISupportedInterfaceOrientations_iPad = "UIInterfaceOrientationPortrait UIInterfaceOrientationPortraitUpsideDown UIInterfaceOrientationLandscapeLeft UIInterfaceOrientationLandscapeRight";
				INFOPLIST_KEY_UISupportedInterfaceOrientations_iPhone = "UIInterfaceOrientationPortrait UIInterfaceOrientationLandscapeLeft UIInterfaceOrientationLandscapeRight";
				LD_RUNPATH_SEARCH_PATHS = (
					"$(inherited)",
					"@executable_path/Frameworks",
				);
				MARKETING_VERSION = 1.0;
				PRODUCT_BUNDLE_IDENTIFIER = com.binal.ApolloDesign;
				PRODUCT_NAME = "$(TARGET_NAME)";
				SWIFT_EMIT_LOC_STRINGS = YES;
				SWIFT_VERSION = 5.0;
				TARGETED_DEVICE_FAMILY = "1,2";
			};
			name = Debug;
		};
		B153CA2F29B7900700BCCB66 /* Release */ = {
			isa = XCBuildConfiguration;
			buildSettings = {
				ASSETCATALOG_COMPILER_APPICON_NAME = AppIcon;
				ASSETCATALOG_COMPILER_GLOBAL_ACCENT_COLOR_NAME = AccentColor;
				CODE_SIGN_STYLE = Automatic;
				CURRENT_PROJECT_VERSION = 1;
				DEVELOPMENT_ASSET_PATHS = "\"ApolloDesign/Preview Content\"";
				DEVELOPMENT_TEAM = XQ4F78VC7G;
				ENABLE_PREVIEWS = YES;
				GENERATE_INFOPLIST_FILE = YES;
				INFOPLIST_FILE = ApolloDesign/Info.plist;
				INFOPLIST_KEY_UIApplicationSceneManifest_Generation = YES;
				INFOPLIST_KEY_UIApplicationSupportsIndirectInputEvents = YES;
				INFOPLIST_KEY_UILaunchScreen_Generation = YES;
				INFOPLIST_KEY_UISupportedInterfaceOrientations_iPad = "UIInterfaceOrientationPortrait UIInterfaceOrientationPortraitUpsideDown UIInterfaceOrientationLandscapeLeft UIInterfaceOrientationLandscapeRight";
				INFOPLIST_KEY_UISupportedInterfaceOrientations_iPhone = "UIInterfaceOrientationPortrait UIInterfaceOrientationLandscapeLeft UIInterfaceOrientationLandscapeRight";
				LD_RUNPATH_SEARCH_PATHS = (
					"$(inherited)",
					"@executable_path/Frameworks",
				);
				MARKETING_VERSION = 1.0;
				PRODUCT_BUNDLE_IDENTIFIER = com.binal.ApolloDesign;
				PRODUCT_NAME = "$(TARGET_NAME)";
				SWIFT_EMIT_LOC_STRINGS = YES;
				SWIFT_VERSION = 5.0;
				TARGETED_DEVICE_FAMILY = "1,2";
			};
			name = Release;
		};
/* End XCBuildConfiguration section */

/* Begin XCConfigurationList section */
		B153CA1A29B7900700BCCB66 /* Build configuration list for PBXProject "ApolloDesign" */ = {
			isa = XCConfigurationList;
			buildConfigurations = (
				B153CA2B29B7900700BCCB66 /* Debug */,
				B153CA2C29B7900700BCCB66 /* Release */,
			);
			defaultConfigurationIsVisible = 0;
			defaultConfigurationName = Release;
		};
		B153CA2D29B7900700BCCB66 /* Build configuration list for PBXNativeTarget "ApolloDesign" */ = {
			isa = XCConfigurationList;
			buildConfigurations = (
				B153CA2E29B7900700BCCB66 /* Debug */,
				B153CA2F29B7900700BCCB66 /* Release */,
			);
			defaultConfigurationIsVisible = 0;
			defaultConfigurationName = Release;
		};
/* End XCConfigurationList section */
	};
	rootObject = B153CA1729B7900700BCCB66 /* Project object */;
}
